// !$*UTF8*$!
{
	archiveVersion = 1;
	classes = {
	};
	objectVersion = 77;
	objects = {

/* Begin PBXBuildFile section */
		2CD5D9172D4F65EA0024BDC2 /* Preview Assets.xcassets in Resources */ = {isa = PBXBuildFile; fileRef = 2CD5D9112D4F65EA0024BDC2 /* Preview Assets.xcassets */; };
		2CD5D9182D4F65EA0024BDC2 /* Assets.xcassets in Resources */ = {isa = PBXBuildFile; fileRef = 2CD5D9132D4F65EA0024BDC2 /* Assets.xcassets */; };
		2CD5D91A2D4F65EA0024BDC2 /* TodoListApp.swift in Sources */ = {isa = PBXBuildFile; fileRef = 2CD5D9152D4F65EA0024BDC2 /* TodoListApp.swift */; };
		2CD5D91F2D4F66110024BDC2 /* ListView.swift in Sources */ = {isa = PBXBuildFile; fileRef = 2CD5D91E2D4F66110024BDC2 /* ListView.swift */; };
		2CD5D9212D4F66B10024BDC2 /* ItemModel.swift in Sources */ = {isa = PBXBuildFile; fileRef = 2CD5D9202D4F66B10024BDC2 /* ItemModel.swift */; };
		2CD5D9232D4F6AEA0024BDC2 /* ListRowView.swift in Sources */ = {isa = PBXBuildFile; fileRef = 2CD5D9222D4F6AEA0024BDC2 /* ListRowView.swift */; };
		2CD5D9252D4F711F0024BDC2 /* ListViewModel.swift in Sources */ = {isa = PBXBuildFile; fileRef = 2CD5D9242D4F711F0024BDC2 /* ListViewModel.swift */; };
		2CD5D9272D4F72DD0024BDC2 /* AddView.swift in Sources */ = {isa = PBXBuildFile; fileRef = 2CD5D9262D4F72DD0024BDC2 /* AddView.swift */; };
		2CD5D9CD2D4F90120024BDC2 /* DetailView.swift in Sources */ = {isa = PBXBuildFile; fileRef = 2CD5D9CC2D4F90120024BDC2 /* DetailView.swift */; };
		2CD5D9CF2D4FB8950024BDC2 /* NoItemView.swift in Sources */ = {isa = PBXBuildFile; fileRef = 2CD5D9CE2D4FB8950024BDC2 /* NoItemView.swift */; };
		2CD5DA142D4FE8AD0024BDC2 /* LocalFileManager.swift in Sources */ = {isa = PBXBuildFile; fileRef = 2CD5DA132D4FE8AD0024BDC2 /* LocalFileManager.swift */; };
/* End PBXBuildFile section */

/* Begin PBXFileReference section */
		2CD5D9002D4F647A0024BDC2 /* TodoList.app */ = {isa = PBXFileReference; explicitFileType = wrapper.application; includeInIndex = 0; path = TodoList.app; sourceTree = BUILT_PRODUCTS_DIR; };
		2CD5D9112D4F65EA0024BDC2 /* Preview Assets.xcassets */ = {isa = PBXFileReference; lastKnownFileType = folder.assetcatalog; path = "Preview Assets.xcassets"; sourceTree = "<group>"; };
		2CD5D9132D4F65EA0024BDC2 /* Assets.xcassets */ = {isa = PBXFileReference; lastKnownFileType = folder.assetcatalog; path = Assets.xcassets; sourceTree = "<group>"; };
		2CD5D9152D4F65EA0024BDC2 /* TodoListApp.swift */ = {isa = PBXFileReference; lastKnownFileType = sourcecode.swift; path = TodoListApp.swift; sourceTree = "<group>"; };
		2CD5D91E2D4F66110024BDC2 /* ListView.swift */ = {isa = PBXFileReference; lastKnownFileType = sourcecode.swift; path = ListView.swift; sourceTree = "<group>"; };
		2CD5D9202D4F66B10024BDC2 /* ItemModel.swift */ = {isa = PBXFileReference; lastKnownFileType = sourcecode.swift; path = ItemModel.swift; sourceTree = "<group>"; };
		2CD5D9222D4F6AEA0024BDC2 /* ListRowView.swift */ = {isa = PBXFileReference; lastKnownFileType = sourcecode.swift; path = ListRowView.swift; sourceTree = "<group>"; };
		2CD5D9242D4F711F0024BDC2 /* ListViewModel.swift */ = {isa = PBXFileReference; lastKnownFileType = sourcecode.swift; path = ListViewModel.swift; sourceTree = "<group>"; };
		2CD5D9262D4F72DD0024BDC2 /* AddView.swift */ = {isa = PBXFileReference; lastKnownFileType = sourcecode.swift; path = AddView.swift; sourceTree = "<group>"; };
		2CD5D9CC2D4F90120024BDC2 /* DetailView.swift */ = {isa = PBXFileReference; lastKnownFileType = sourcecode.swift; path = DetailView.swift; sourceTree = "<group>"; };
		2CD5D9CE2D4FB8950024BDC2 /* NoItemView.swift */ = {isa = PBXFileReference; lastKnownFileType = sourcecode.swift; path = NoItemView.swift; sourceTree = "<group>"; };
		2CD5DA132D4FE8AD0024BDC2 /* LocalFileManager.swift */ = {isa = PBXFileReference; lastKnownFileType = sourcecode.swift; path = LocalFileManager.swift; sourceTree = "<group>"; };
/* End PBXFileReference section */

/* Begin PBXFrameworksBuildPhase section */
		2CD5D8FD2D4F647A0024BDC2 /* Frameworks */ = {
			isa = PBXFrameworksBuildPhase;
			buildActionMask = 2147483647;
			files = (
			);
			runOnlyForDeploymentPostprocessing = 0;
		};
/* End PBXFrameworksBuildPhase section */

/* Begin PBXGroup section */
		2CD5D8F72D4F647A0024BDC2 = {
			isa = PBXGroup;
			children = (
				2CD5D9162D4F65EA0024BDC2 /* TodoList */,
				2CD5D9012D4F647A0024BDC2 /* Products */,
			);
			sourceTree = "<group>";
		};
		2CD5D9012D4F647A0024BDC2 /* Products */ = {
			isa = PBXGroup;
			children = (
				2CD5D9002D4F647A0024BDC2 /* TodoList.app */,
			);
			name = Products;
			sourceTree = "<group>";
		};
		2CD5D9122D4F65EA0024BDC2 /* Preview Content */ = {
			isa = PBXGroup;
			children = (
				2CD5D9112D4F65EA0024BDC2 /* Preview Assets.xcassets */,
			);
			path = "Preview Content";
			sourceTree = "<group>";
		};
		2CD5D9162D4F65EA0024BDC2 /* TodoList */ = {
			isa = PBXGroup;
			children = (
				2CD5DA122D4FE89E0024BDC2 /* Manager */,
				2CD5D91D2D4F65FC0024BDC2 /* ViewModel */,
				2CD5D91C2D4F65F50024BDC2 /* Model */,
				2CD5D91B2D4F65EE0024BDC2 /* View */,
				2CD5D9122D4F65EA0024BDC2 /* Preview Content */,
				2CD5D9132D4F65EA0024BDC2 /* Assets.xcassets */,
				2CD5D9152D4F65EA0024BDC2 /* TodoListApp.swift */,
			);
			path = TodoList;
			sourceTree = "<group>";
		};
		2CD5D91B2D4F65EE0024BDC2 /* View */ = {
			isa = PBXGroup;
			children = (
				2CD5D91E2D4F66110024BDC2 /* ListView.swift */,
				2CD5D9222D4F6AEA0024BDC2 /* ListRowView.swift */,
				2CD5D9262D4F72DD0024BDC2 /* AddView.swift */,
				2CD5D9CC2D4F90120024BDC2 /* DetailView.swift */,
				2CD5D9CE2D4FB8950024BDC2 /* NoItemView.swift */,
			);
			path = View;
			sourceTree = "<group>";
		};
		2CD5D91C2D4F65F50024BDC2 /* Model */ = {
			isa = PBXGroup;
			children = (
				2CD5D9202D4F66B10024BDC2 /* ItemModel.swift */,
			);
			path = Model;
			sourceTree = "<group>";
		};
		2CD5D91D2D4F65FC0024BDC2 /* ViewModel */ = {
			isa = PBXGroup;
			children = (
				2CD5D9242D4F711F0024BDC2 /* ListViewModel.swift */,
			);
			path = ViewModel;
			sourceTree = "<group>";
		};
		2CD5DA122D4FE89E0024BDC2 /* Manager */ = {
			isa = PBXGroup;
			children = (
				2CD5DA132D4FE8AD0024BDC2 /* LocalFileManager.swift */,
			);
			path = Manager;
			sourceTree = "<group>";
		};
/* End PBXGroup section */

/* Begin PBXNativeTarget section */
		2CD5D8FF2D4F647A0024BDC2 /* TodoList */ = {
			isa = PBXNativeTarget;
			buildConfigurationList = 2CD5D90E2D4F647B0024BDC2 /* Build configuration list for PBXNativeTarget "TodoList" */;
			buildPhases = (
				2CD5D8FC2D4F647A0024BDC2 /* Sources */,
				2CD5D8FD2D4F647A0024BDC2 /* Frameworks */,
				2CD5D8FE2D4F647A0024BDC2 /* Resources */,
			);
			buildRules = (
			);
			dependencies = (
			);
			name = TodoList;
			packageProductDependencies = (
			);
			productName = TodoList;
			productReference = 2CD5D9002D4F647A0024BDC2 /* TodoList.app */;
			productType = "com.apple.product-type.application";
		};
/* End PBXNativeTarget section */

/* Begin PBXProject section */
		2CD5D8F82D4F647A0024BDC2 /* Project object */ = {
			isa = PBXProject;
			attributes = {
				BuildIndependentTargetsInParallel = 1;
				LastSwiftUpdateCheck = 1620;
				LastUpgradeCheck = 1620;
				TargetAttributes = {
					2CD5D8FF2D4F647A0024BDC2 = {
						CreatedOnToolsVersion = 16.2;
					};
				};
			};
			buildConfigurationList = 2CD5D8FB2D4F647A0024BDC2 /* Build configuration list for PBXProject "TodoList" */;
			developmentRegion = en;
			hasScannedForEncodings = 0;
			knownRegions = (
				en,
				Base,
			);
			mainGroup = 2CD5D8F72D4F647A0024BDC2;
			minimizedProjectReferenceProxies = 1;
			preferredProjectObjectVersion = 77;
			productRefGroup = 2CD5D9012D4F647A0024BDC2 /* Products */;
			projectDirPath = "";
			projectRoot = "";
			targets = (
				2CD5D8FF2D4F647A0024BDC2 /* TodoList */,
			);
		};
/* End PBXProject section */

/* Begin PBXResourcesBuildPhase section */
		2CD5D8FE2D4F647A0024BDC2 /* Resources */ = {
			isa = PBXResourcesBuildPhase;
			buildActionMask = 2147483647;
			files = (
				2CD5D9172D4F65EA0024BDC2 /* Preview Assets.xcassets in Resources */,
				2CD5D9182D4F65EA0024BDC2 /* Assets.xcassets in Resources */,
			);
			runOnlyForDeploymentPostprocessing = 0;
		};
/* End PBXResourcesBuildPhase section */

/* Begin PBXSourcesBuildPhase section */
		2CD5D8FC2D4F647A0024BDC2 /* Sources */ = {
			isa = PBXSourcesBuildPhase;
			buildActionMask = 2147483647;
			files = (
				2CD5D9272D4F72DD0024BDC2 /* AddView.swift in Sources */,
				2CD5D91A2D4F65EA0024BDC2 /* TodoListApp.swift in Sources */,
				2CD5D9CF2D4FB8950024BDC2 /* NoItemView.swift in Sources */,
				2CD5D9252D4F711F0024BDC2 /* ListViewModel.swift in Sources */,
				2CD5D9CD2D4F90120024BDC2 /* DetailView.swift in Sources */,
				2CD5D9232D4F6AEA0024BDC2 /* ListRowView.swift in Sources */,
				2CD5DA142D4FE8AD0024BDC2 /* LocalFileManager.swift in Sources */,
				2CD5D9212D4F66B10024BDC2 /* ItemModel.swift in Sources */,
				2CD5D91F2D4F66110024BDC2 /* ListView.swift in Sources */,
			);
			runOnlyForDeploymentPostprocessing = 0;
		};
/* End PBXSourcesBuildPhase section */

/* Begin XCBuildConfiguration section */
		2CD5D90C2D4F647B0024BDC2 /* Debug */ = {
			isa = XCBuildConfiguration;
			buildSettings = {
				ALWAYS_SEARCH_USER_PATHS = NO;
				ASSETCATALOG_COMPILER_GENERATE_SWIFT_ASSET_SYMBOL_EXTENSIONS = YES;
				CLANG_ANALYZER_NONNULL = YES;
				CLANG_ANALYZER_NUMBER_OBJECT_CONVERSION = YES_AGGRESSIVE;
				CLANG_CXX_LANGUAGE_STANDARD = "gnu++20";
				CLANG_ENABLE_MODULES = YES;
				CLANG_ENABLE_OBJC_ARC = YES;
				CLANG_ENABLE_OBJC_WEAK = YES;
				CLANG_WARN_BLOCK_CAPTURE_AUTORELEASING = YES;
				CLANG_WARN_BOOL_CONVERSION = YES;
				CLANG_WARN_COMMA = YES;
				CLANG_WARN_CONSTANT_CONVERSION = YES;
				CLANG_WARN_DEPRECATED_OBJC_IMPLEMENTATIONS = YES;
				CLANG_WARN_DIRECT_OBJC_ISA_USAGE = YES_ERROR;
				CLANG_WARN_DOCUMENTATION_COMMENTS = YES;
				CLANG_WARN_EMPTY_BODY = YES;
				CLANG_WARN_ENUM_CONVERSION = YES;
				CLANG_WARN_INFINITE_RECURSION = YES;
				CLANG_WARN_INT_CONVERSION = YES;
				CLANG_WARN_NON_LITERAL_NULL_CONVERSION = YES;
				CLANG_WARN_OBJC_IMPLICIT_RETAIN_SELF = YES;
				CLANG_WARN_OBJC_LITERAL_CONVERSION = YES;
				CLANG_WARN_OBJC_ROOT_CLASS = YES_ERROR;
				CLANG_WARN_QUOTED_INCLUDE_IN_FRAMEWORK_HEADER = YES;
				CLANG_WARN_RANGE_LOOP_ANALYSIS = YES;
				CLANG_WARN_STRICT_PROTOTYPES = YES;
				CLANG_WARN_SUSPICIOUS_MOVE = YES;
				CLANG_WARN_UNGUARDED_AVAILABILITY = YES_AGGRESSIVE;
				CLANG_WARN_UNREACHABLE_CODE = YES;
				CLANG_WARN__DUPLICATE_METHOD_MATCH = YES;
				COPY_PHASE_STRIP = NO;
				DEBUG_INFORMATION_FORMAT = dwarf;
				ENABLE_STRICT_OBJC_MSGSEND = YES;
				ENABLE_TESTABILITY = YES;
				ENABLE_USER_SCRIPT_SANDBOXING = YES;
				GCC_C_LANGUAGE_STANDARD = gnu17;
				GCC_DYNAMIC_NO_PIC = NO;
				GCC_NO_COMMON_BLOCKS = YES;
				GCC_OPTIMIZATION_LEVEL = 0;
				GCC_PREPROCESSOR_DEFINITIONS = (
					"DEBUG=1",
					"$(inherited)",
				);
				GCC_WARN_64_TO_32_BIT_CONVERSION = YES;
				GCC_WARN_ABOUT_RETURN_TYPE = YES_ERROR;
				GCC_WARN_UNDECLARED_SELECTOR = YES;
				GCC_WARN_UNINITIALIZED_AUTOS = YES_AGGRESSIVE;
				GCC_WARN_UNUSED_FUNCTION = YES;
				GCC_WARN_UNUSED_VARIABLE = YES;
				IPHONEOS_DEPLOYMENT_TARGET = 18.2;
				LOCALIZATION_PREFERS_STRING_CATALOGS = YES;
				MTL_ENABLE_DEBUG_INFO = INCLUDE_SOURCE;
				MTL_FAST_MATH = YES;
				ONLY_ACTIVE_ARCH = YES;
				SDKROOT = iphoneos;
				SWIFT_ACTIVE_COMPILATION_CONDITIONS = "DEBUG $(inherited)";
				SWIFT_OPTIMIZATION_LEVEL = "-Onone";
			};
			name = Debug;
		};
		2CD5D90D2D4F647B0024BDC2 /* Release */ = {
			isa = XCBuildConfiguration;
			buildSettings = {
				ALWAYS_SEARCH_USER_PATHS = NO;
				ASSETCATALOG_COMPILER_GENERATE_SWIFT_ASSET_SYMBOL_EXTENSIONS = YES;
				CLANG_ANALYZER_NONNULL = YES;
				CLANG_ANALYZER_NUMBER_OBJECT_CONVERSION = YES_AGGRESSIVE;
				CLANG_CXX_LANGUAGE_STANDARD = "gnu++20";
				CLANG_ENABLE_MODULES = YES;
				CLANG_ENABLE_OBJC_ARC = YES;
				CLANG_ENABLE_OBJC_WEAK = YES;
				CLANG_WARN_BLOCK_CAPTURE_AUTORELEASING = YES;
				CLANG_WARN_BOOL_CONVERSION = YES;
				CLANG_WARN_COMMA = YES;
				CLANG_WARN_CONSTANT_CONVERSION = YES;
				CLANG_WARN_DEPRECATED_OBJC_IMPLEMENTATIONS = YES;
				CLANG_WARN_DIRECT_OBJC_ISA_USAGE = YES_ERROR;
				CLANG_WARN_DOCUMENTATION_COMMENTS = YES;
				CLANG_WARN_EMPTY_BODY = YES;
				CLANG_WARN_ENUM_CONVERSION = YES;
				CLANG_WARN_INFINITE_RECURSION = YES;
				CLANG_WARN_INT_CONVERSION = YES;
				CLANG_WARN_NON_LITERAL_NULL_CONVERSION = YES;
				CLANG_WARN_OBJC_IMPLICIT_RETAIN_SELF = YES;
				CLANG_WARN_OBJC_LITERAL_CONVERSION = YES;
				CLANG_WARN_OBJC_ROOT_CLASS = YES_ERROR;
				CLANG_WARN_QUOTED_INCLUDE_IN_FRAMEWORK_HEADER = YES;
				CLANG_WARN_RANGE_LOOP_ANALYSIS = YES;
				CLANG_WARN_STRICT_PROTOTYPES = YES;
				CLANG_WARN_SUSPICIOUS_MOVE = YES;
				CLANG_WARN_UNGUARDED_AVAILABILITY = YES_AGGRESSIVE;
				CLANG_WARN_UNREACHABLE_CODE = YES;
				CLANG_WARN__DUPLICATE_METHOD_MATCH = YES;
				COPY_PHASE_STRIP = NO;
				DEBUG_INFORMATION_FORMAT = "dwarf-with-dsym";
				ENABLE_NS_ASSERTIONS = NO;
				ENABLE_STRICT_OBJC_MSGSEND = YES;
				ENABLE_USER_SCRIPT_SANDBOXING = YES;
				GCC_C_LANGUAGE_STANDARD = gnu17;
				GCC_NO_COMMON_BLOCKS = YES;
				GCC_WARN_64_TO_32_BIT_CONVERSION = YES;
				GCC_WARN_ABOUT_RETURN_TYPE = YES_ERROR;
				GCC_WARN_UNDECLARED_SELECTOR = YES;
				GCC_WARN_UNINITIALIZED_AUTOS = YES_AGGRESSIVE;
				GCC_WARN_UNUSED_FUNCTION = YES;
				GCC_WARN_UNUSED_VARIABLE = YES;
				IPHONEOS_DEPLOYMENT_TARGET = 18.2;
				LOCALIZATION_PREFERS_STRING_CATALOGS = YES;
				MTL_ENABLE_DEBUG_INFO = NO;
				MTL_FAST_MATH = YES;
				SDKROOT = iphoneos;
				SWIFT_COMPILATION_MODE = wholemodule;
				VALIDATE_PRODUCT = YES;
			};
			name = Release;
		};
		2CD5D90F2D4F647B0024BDC2 /* Debug */ = {
			isa = XCBuildConfiguration;
			buildSettings = {
				ASSETCATALOG_COMPILER_APPICON_NAME = AppIcon;
				ASSETCATALOG_COMPILER_GLOBAL_ACCENT_COLOR_NAME = AccentColor;
				CODE_SIGN_STYLE = Automatic;
				CURRENT_PROJECT_VERSION = 1;
				DEVELOPMENT_ASSET_PATHS = "\"TodoList/Preview Content\"";
				DEVELOPMENT_TEAM = X8Z43V3Z49;
				ENABLE_PREVIEWS = YES;
				GENERATE_INFOPLIST_FILE = YES;
				INFOPLIST_KEY_UIApplicationSceneManifest_Generation = YES;
				INFOPLIST_KEY_UIApplicationSupportsIndirectInputEvents = YES;
				INFOPLIST_KEY_UILaunchScreen_Generation = YES;
				INFOPLIST_KEY_UISupportedInterfaceOrientations_iPad = "UIInterfaceOrientationPortrait UIInterfaceOrientationPortraitUpsideDown UIInterfaceOrientationLandscapeLeft UIInterfaceOrientationLandscapeRight";
				INFOPLIST_KEY_UISupportedInterfaceOrientations_iPhone = "UIInterfaceOrientationPortrait UIInterfaceOrientationLandscapeLeft UIInterfaceOrientationLandscapeRight";
				LD_RUNPATH_SEARCH_PATHS = (
					"$(inherited)",
					"@executable_path/Frameworks",
				);
				MARKETING_VERSION = 1.0;
				PRODUCT_BUNDLE_IDENTIFIER = com.hyunjin95.TodoList;
				PRODUCT_NAME = "$(TARGET_NAME)";
				SWIFT_EMIT_LOC_STRINGS = YES;
				SWIFT_VERSION = 5.0;
				TARGETED_DEVICE_FAMILY = "1,2";
			};
			name = Debug;
		};
		2CD5D9102D4F647B0024BDC2 /* Release */ = {
			isa = XCBuildConfiguration;
			buildSettings = {
				ASSETCATALOG_COMPILER_APPICON_NAME = AppIcon;
				ASSETCATALOG_COMPILER_GLOBAL_ACCENT_COLOR_NAME = AccentColor;
				CODE_SIGN_STYLE = Automatic;
				CURRENT_PROJECT_VERSION = 1;
				DEVELOPMENT_ASSET_PATHS = "\"TodoList/Preview Content\"";
				DEVELOPMENT_TEAM = X8Z43V3Z49;
				ENABLE_PREVIEWS = YES;
				GENERATE_INFOPLIST_FILE = YES;
				INFOPLIST_KEY_UIApplicationSceneManifest_Generation = YES;
				INFOPLIST_KEY_UIApplicationSupportsIndirectInputEvents = YES;
				INFOPLIST_KEY_UILaunchScreen_Generation = YES;
				INFOPLIST_KEY_UISupportedInterfaceOrientations_iPad = "UIInterfaceOrientationPortrait UIInterfaceOrientationPortraitUpsideDown UIInterfaceOrientationLandscapeLeft UIInterfaceOrientationLandscapeRight";
				INFOPLIST_KEY_UISupportedInterfaceOrientations_iPhone = "UIInterfaceOrientationPortrait UIInterfaceOrientationLandscapeLeft UIInterfaceOrientationLandscapeRight";
				LD_RUNPATH_SEARCH_PATHS = (
					"$(inherited)",
					"@executable_path/Frameworks",
				);
				MARKETING_VERSION = 1.0;
				PRODUCT_BUNDLE_IDENTIFIER = com.hyunjin95.TodoList;
				PRODUCT_NAME = "$(TARGET_NAME)";
				SWIFT_EMIT_LOC_STRINGS = YES;
				SWIFT_VERSION = 5.0;
				TARGETED_DEVICE_FAMILY = "1,2";
			};
			name = Release;
		};
/* End XCBuildConfiguration section */

/* Begin XCConfigurationList section */
		2CD5D8FB2D4F647A0024BDC2 /* Build configuration list for PBXProject "TodoList" */ = {
			isa = XCConfigurationList;
			buildConfigurations = (
				2CD5D90C2D4F647B0024BDC2 /* Debug */,
				2CD5D90D2D4F647B0024BDC2 /* Release */,
			);
			defaultConfigurationIsVisible = 0;
			defaultConfigurationName = Release;
		};
		2CD5D90E2D4F647B0024BDC2 /* Build configuration list for PBXNativeTarget "TodoList" */ = {
			isa = XCConfigurationList;
			buildConfigurations = (
				2CD5D90F2D4F647B0024BDC2 /* Debug */,
				2CD5D9102D4F647B0024BDC2 /* Release */,
			);
			defaultConfigurationIsVisible = 0;
			defaultConfigurationName = Release;
		};
/* End XCConfigurationList section */
	};
	rootObject = 2CD5D8F82D4F647A0024BDC2 /* Project object */;
}
